
Microsoft Visual Studio Solution File, Format Version 12.00
# Visual Studio 2012
Project("{FAE04EC0-301F-11D3-BF4B-00C04F79EFBC}") = "Soft3DEngine", "Soft3DEngine.csproj", "{D599537A-5D76-482C-9FDD-1B77089A657F}"
EndProject
Global
	GlobalSection(SolutionConfigurationPlatforms) = preSolution
		Debug|Any CPU = Debug|Any CPU
		Release|Any CPU = Release|Any CPU
	EndGlobalSection
	GlobalSection(ProjectConfigurationPlatforms) = postSolution
		{D599537A-5D76-482C-9FDD-1B77089A657F}.Debug|Any CPU.ActiveCfg = Debug|Any CPU
		{D599537A-5D76-482C-9FDD-1B77089A657F}.Debug|Any CPU.Build.0 = Debug|Any CPU
		{D599537A-5D76-482C-9FDD-1B77089A657F}.Release|Any CPU.ActiveCfg = Release|Any CPU
		{D599537A-5D76-482C-9FDD-1B77089A657F}.Release|Any CPU.Build.0 = Release|Any CPU
	EndGlobalSection
	GlobalSection(SolutionProperties) = preSolution
		HideSolutionNode = FALSE
	EndGlobalSection
EndGlobal
